
Microsoft Visual Studio Solution File, Format Version 12.00
# Visual Studio Version 17
VisualStudioVersion = 17.10.34916.146
MinimumVisualStudioVersion = 10.0.40219.1
Project("{FAE04EC0-301F-11D3-BF4B-00C04F79EFBC}") = "POS-API", "POS-API\POS-API.csproj", "{9CEC2C81-3F5D-4285-87E4-DCD0FCE13649}"
EndProject
Global
	GlobalSection(SolutionConfigurationPlatforms) = preSolution
		Debug|Any CPU = Debug|Any CPU
		Release|Any CPU = Release|Any CPU
	EndGlobalSection
	GlobalSection(ProjectConfigurationPlatforms) = postSolution
		{9CEC2C81-3F5D-4285-87E4-DCD0FCE13649}.Debug|Any CPU.ActiveCfg = Debug|Any CPU
		{9CEC2C81-3F5D-4285-87E4-DCD0FCE13649}.Debug|Any CPU.Build.0 = Debug|Any CPU
		{9CEC2C81-3F5D-4285-87E4-DCD0FCE13649}.Release|Any CPU.ActiveCfg = Release|Any CPU
		{9CEC2C81-3F5D-4285-87E4-DCD0FCE13649}.Release|Any CPU.Build.0 = Release|Any CPU
	EndGlobalSection
	GlobalSection(SolutionProperties) = preSolution
		HideSolutionNode = FALSE
	EndGlobalSection
	GlobalSection(ExtensibilityGlobals) = postSolution
		SolutionGuid = {47B35361-D80B-4151-B558-3C492F71C062}
	EndGlobalSection
EndGlobal
